
Microsoft Visual Studio Solution File, Format Version 12.00
# Visual Studio 2012
Project("{FAE04EC0-301F-11D3-BF4B-00C04F79EFBC}") = "CASP", "CASP.csproj", "{BCC180C5-D33F-4B74-BE98-99CBDCA34332}"
EndProject
Global
	GlobalSection(SolutionConfigurationPlatforms) = preSolution
		Debug|Any CPU = Debug|Any CPU
		Release|Any CPU = Release|Any CPU
	EndGlobalSection
	GlobalSection(ProjectConfigurationPlatforms) = postSolution
		{BCC180C5-D33F-4B74-BE98-99CBDCA34332}.Debug|Any CPU.ActiveCfg = Debug|Any CPU
		{BCC180C5-D33F-4B74-BE98-99CBDCA34332}.Debug|Any CPU.Build.0 = Debug|Any CPU
		{BCC180C5-D33F-4B74-BE98-99CBDCA34332}.Release|Any CPU.ActiveCfg = Release|Any CPU
		{BCC180C5-D33F-4B74-BE98-99CBDCA34332}.Release|Any CPU.Build.0 = Release|Any CPU
	EndGlobalSection
	GlobalSection(SolutionProperties) = preSolution
		HideSolutionNode = FALSE
	EndGlobalSection
EndGlobal
